
Microsoft Visual Studio Solution File, Format Version 12.00
# Visual Studio Version 17
VisualStudioVersion = 17.4.33122.133
MinimumVisualStudioVersion = 10.0.40219.1
Project("{FAE04EC0-301F-11D3-BF4B-00C04F79EFBC}") = "SkolaStranihJezikaSQL", "SkolaStranihJezikaSQL.csproj", "{BF23833B-72FA-4F62-914B-FE39BE06FAB7}"
EndProject
Global
	GlobalSection(SolutionConfigurationPlatforms) = preSolution
		Debug|Any CPU = Debug|Any CPU
		Release|Any CPU = Release|Any CPU
	EndGlobalSection
	GlobalSection(ProjectConfigurationPlatforms) = postSolution
		{BF23833B-72FA-4F62-914B-FE39BE06FAB7}.Debug|Any CPU.ActiveCfg = Debug|Any CPU
		{BF23833B-72FA-4F62-914B-FE39BE06FAB7}.Debug|Any CPU.Build.0 = Debug|Any CPU
		{BF23833B-72FA-4F62-914B-FE39BE06FAB7}.Release|Any CPU.ActiveCfg = Release|Any CPU
		{BF23833B-72FA-4F62-914B-FE39BE06FAB7}.Release|Any CPU.Build.0 = Release|Any CPU
	EndGlobalSection
	GlobalSection(SolutionProperties) = preSolution
		HideSolutionNode = FALSE
	EndGlobalSection
	GlobalSection(ExtensibilityGlobals) = postSolution
		SolutionGuid = {7B5FB860-36C2-4626-B532-5A0AE8E1FE5C}
	EndGlobalSection
EndGlobal
